
Microsoft Visual Studio Solution File, Format Version 12.00
Project("{FAE04EC0-301F-11D3-BF4B-00C04F79EFBC}") = "TweetCollector", "src\TweetCollector.csproj", "{65C4A39B-1A8E-48B1-B537-66E97C675340}"
EndProject
Project("{FAE04EC0-301F-11D3-BF4B-00C04F79EFBC}") = "TweetCollector.Test", "test\TweetCollector.Test.csproj", "{6595A494-CBB5-4452-9E25-859BD150FC66}"
EndProject
Global
	GlobalSection(SolutionConfigurationPlatforms) = preSolution
		Debug|Any CPU = Debug|Any CPU
		Release|Any CPU = Release|Any CPU
	EndGlobalSection
	GlobalSection(ProjectConfigurationPlatforms) = postSolution
		{65C4A39B-1A8E-48B1-B537-66E97C675340}.Debug|Any CPU.ActiveCfg = Debug|Any CPU
		{65C4A39B-1A8E-48B1-B537-66E97C675340}.Debug|Any CPU.Build.0 = Debug|Any CPU
		{65C4A39B-1A8E-48B1-B537-66E97C675340}.Release|Any CPU.ActiveCfg = Release|Any CPU
		{65C4A39B-1A8E-48B1-B537-66E97C675340}.Release|Any CPU.Build.0 = Release|Any CPU
		{6595A494-CBB5-4452-9E25-859BD150FC66}.Debug|Any CPU.ActiveCfg = Debug|Any CPU
		{6595A494-CBB5-4452-9E25-859BD150FC66}.Debug|Any CPU.Build.0 = Debug|Any CPU
		{6595A494-CBB5-4452-9E25-859BD150FC66}.Release|Any CPU.ActiveCfg = Release|Any CPU
		{6595A494-CBB5-4452-9E25-859BD150FC66}.Release|Any CPU.Build.0 = Release|Any CPU
	EndGlobalSection
EndGlobal
